
Microsoft Visual Studio Solution File, Format Version 12.00
# Visual Studio 15
VisualStudioVersion = 15.0.27004.2006
MinimumVisualStudioVersion = 10.0.40219.1
Project("{FAE04EC0-301F-11D3-BF4B-00C04F79EFBC}") = "CalculatorV1", "CalculatorV1\CalculatorV1.csproj", "{2004F2C0-1AF8-4A01-9EC1-4238756DD065}"
EndProject
Project("{FAE04EC0-301F-11D3-BF4B-00C04F79EFBC}") = "Tests.CalculatorV1", "Tests.CalculatorV1\Tests.CalculatorV1.csproj", "{5E6451E5-0A26-40DF-AB0D-0815DE04D445}"
EndProject
Project("{FAE04EC0-301F-11D3-BF4B-00C04F79EFBC}") = "CalculatorV2", "CalculatorV2\CalculatorV2.csproj", "{ABFEF3B1-0E80-4D90-8695-59ED946A705E}"
EndProject
Project("{FAE04EC0-301F-11D3-BF4B-00C04F79EFBC}") = "Tests.CalculatorV2", "Tests.CalculatorV2\Tests.CalculatorV2.csproj", "{C0078D1E-D4C2-4A43-9243-8510A623964C}"
EndProject
Global
	GlobalSection(SolutionConfigurationPlatforms) = preSolution
		Debug|Any CPU = Debug|Any CPU
		Release|Any CPU = Release|Any CPU
	EndGlobalSection
	GlobalSection(ProjectConfigurationPlatforms) = postSolution
		{2004F2C0-1AF8-4A01-9EC1-4238756DD065}.Debug|Any CPU.ActiveCfg = Debug|Any CPU
		{2004F2C0-1AF8-4A01-9EC1-4238756DD065}.Debug|Any CPU.Build.0 = Debug|Any CPU
		{2004F2C0-1AF8-4A01-9EC1-4238756DD065}.Release|Any CPU.ActiveCfg = Release|Any CPU
		{2004F2C0-1AF8-4A01-9EC1-4238756DD065}.Release|Any CPU.Build.0 = Release|Any CPU
		{5E6451E5-0A26-40DF-AB0D-0815DE04D445}.Debug|Any CPU.ActiveCfg = Debug|Any CPU
		{5E6451E5-0A26-40DF-AB0D-0815DE04D445}.Debug|Any CPU.Build.0 = Debug|Any CPU
		{5E6451E5-0A26-40DF-AB0D-0815DE04D445}.Release|Any CPU.ActiveCfg = Release|Any CPU
		{5E6451E5-0A26-40DF-AB0D-0815DE04D445}.Release|Any CPU.Build.0 = Release|Any CPU
		{ABFEF3B1-0E80-4D90-8695-59ED946A705E}.Debug|Any CPU.ActiveCfg = Debug|Any CPU
		{ABFEF3B1-0E80-4D90-8695-59ED946A705E}.Debug|Any CPU.Build.0 = Debug|Any CPU
		{ABFEF3B1-0E80-4D90-8695-59ED946A705E}.Release|Any CPU.ActiveCfg = Release|Any CPU
		{ABFEF3B1-0E80-4D90-8695-59ED946A705E}.Release|Any CPU.Build.0 = Release|Any CPU
		{C0078D1E-D4C2-4A43-9243-8510A623964C}.Debug|Any CPU.ActiveCfg = Debug|Any CPU
		{C0078D1E-D4C2-4A43-9243-8510A623964C}.Debug|Any CPU.Build.0 = Debug|Any CPU
		{C0078D1E-D4C2-4A43-9243-8510A623964C}.Release|Any CPU.ActiveCfg = Release|Any CPU
		{C0078D1E-D4C2-4A43-9243-8510A623964C}.Release|Any CPU.Build.0 = Release|Any CPU
	EndGlobalSection
	GlobalSection(SolutionProperties) = preSolution
		HideSolutionNode = FALSE
	EndGlobalSection
	GlobalSection(ExtensibilityGlobals) = postSolution
		SolutionGuid = {93473B7D-1B90-46B2-8A97-A5CCD8951021}
	EndGlobalSection
EndGlobal
